
Microsoft Visual Studio Solution File, Format Version 12.00
# Visual Studio 15
VisualStudioVersion = 15.0.28307.329
MinimumVisualStudioVersion = 10.0.40219.1
Project("{FAE04EC0-301F-11D3-BF4B-00C04F79EFBC}") = "WindowsFormsMSN2020", "WindowsFormsMSN2020\WindowsFormsMSN2020.csproj", "{15A4BCC5-F0AA-4138-8492-E466C4D25D82}"
EndProject
Project("{FAE04EC0-301F-11D3-BF4B-00C04F79EFBC}") = "Additionals", "Additionals\Additionals.csproj", "{B604DAFF-286F-410A-B9A1-1987CF4280D9}"
EndProject
Global
	GlobalSection(SolutionConfigurationPlatforms) = preSolution
		Debug|Any CPU = Debug|Any CPU
		Release|Any CPU = Release|Any CPU
	EndGlobalSection
	GlobalSection(ProjectConfigurationPlatforms) = postSolution
		{15A4BCC5-F0AA-4138-8492-E466C4D25D82}.Debug|Any CPU.ActiveCfg = Debug|Any CPU
		{15A4BCC5-F0AA-4138-8492-E466C4D25D82}.Debug|Any CPU.Build.0 = Debug|Any CPU
		{15A4BCC5-F0AA-4138-8492-E466C4D25D82}.Release|Any CPU.ActiveCfg = Release|Any CPU
		{15A4BCC5-F0AA-4138-8492-E466C4D25D82}.Release|Any CPU.Build.0 = Release|Any CPU
		{B604DAFF-286F-410A-B9A1-1987CF4280D9}.Debug|Any CPU.ActiveCfg = Debug|Any CPU
		{B604DAFF-286F-410A-B9A1-1987CF4280D9}.Debug|Any CPU.Build.0 = Debug|Any CPU
		{B604DAFF-286F-410A-B9A1-1987CF4280D9}.Release|Any CPU.ActiveCfg = Release|Any CPU
		{B604DAFF-286F-410A-B9A1-1987CF4280D9}.Release|Any CPU.Build.0 = Release|Any CPU
	EndGlobalSection
	GlobalSection(SolutionProperties) = preSolution
		HideSolutionNode = FALSE
	EndGlobalSection
	GlobalSection(ExtensibilityGlobals) = postSolution
		SolutionGuid = {429E1D62-5398-4FED-875B-62D8E933FC21}
	EndGlobalSection
EndGlobal
